# generated by rye
# use `rye lock` or `rye sync` to update this lockfile
#
# last locked with the following flags:
#   pre: false
#   features: []
#   all-features: false
#   with-sources: false
#   generate-hashes: false
#   universal: false

-e file:.
aws-lambda-powertools==2.43.1
    # via kendra-box-connector
boto3==1.35.11
    # via kendra-box-connector
botocore==1.35.11
    # via boto3
    # via pynamodb
    # via s3transfer
box-sdk-gen==1.5.1
    # via kendra-box-connector
certifi==2024.8.30
    # via requests
cffi==1.17.1
    # via cryptography
charset-normalizer==3.3.2
    # via requests
cryptography==43.0.1
    # via box-sdk-gen
idna==3.8
    # via requests
jmespath==1.0.1
    # via aws-lambda-powertools
    # via boto3
    # via botocore
pycparser==2.22
    # via cffi
pyjwt==2.9.0
    # via box-sdk-gen
pynamodb==6.0.1
    # via kendra-box-connector
python-dateutil==2.9.0.post0
    # via botocore
requests==2.32.3
    # via box-sdk-gen
    # via requests-toolbelt
requests-toolbelt==1.0.0
    # via box-sdk-gen
s3transfer==0.10.2
    # via boto3
six==1.16.0
    # via python-dateutil
typing-extensions==4.12.2
    # via aws-lambda-powertools
urllib3==2.2.2
    # via botocore
    # via requests
